# THIS IS AN AUTOGENERATED FILE. DO NOT EDIT THIS FILE DIRECTLY.
# yarn lockfile v1


"crypto@^1.0.1":
  "integrity" "sha512-VxBKmeNcqQdiUQUW2Tzq0t377b54N2bMtXO/qiLa+6eRRmmC4qT3D4OnTGoT/U6O9aklQ/jTwbOtRMTTY8G0Ig=="
  "resolved" "https://registry.npmjs.org/crypto/-/crypto-1.0.1.tgz"
  "version" "1.0.1"

"https@^1.0.0":
  "integrity" "sha1-PDfHrhqO65ZpBKKtHpdaGUt+06Q="
  "resolved" "https://registry.npmjs.org/https/-/https-1.0.0.tgz"
  "version" "1.0.0"

"JSON@^1.0.0":
  "integrity" "sha1-hoFTHCj4Q4oHVYn/BySCRuqWDYw="
  "resolved" "https://registry.npmjs.org/JSON/-/JSON-1.0.0.tgz"
  "version" "1.0.0"

"valid-url@^1.0.9":
  "integrity" "sha1-HBRHm0DxOXp1eC8RXkCGRHQzogA="
  "resolved" "https://registry.npmjs.org/valid-url/-/valid-url-1.0.9.tgz"
  "version" "1.0.9"

"xhr2@^0.2.0":
  "integrity" "sha512-BDtiD0i2iKPK/S8OAZfpk6tyzEDnKKSjxWHcMBVmh+LuqJ8A32qXTyOx+TVOg2dKvq6zGBq2sgKPkEeRs1qTRA=="
  "resolved" "https://registry.npmjs.org/xhr2/-/xhr2-0.2.0.tgz"
  "version" "0.2.0"

"xmlhttprequest@^1.8.0":
  "integrity" "sha1-Z/4HXFwk/vOfnWX197f+dRcZaPw="
  "resolved" "https://registry.npmjs.org/xmlhttprequest/-/xmlhttprequest-1.8.0.tgz"
  "version" "1.8.0"
